
Microsoft Visual Studio Solution File, Format Version 11.00
# Visual Studio 2010
Project("{FAE04EC0-301F-11D3-BF4B-00C04F79EFBC}") = "CBAResultsExporter", "CBAResultsExporter\CBAResultsExporter.csproj", "{9791EE94-B51C-4430-A0D6-BB62DB60BD8D}"
EndProject
Global
	GlobalSection(SolutionConfigurationPlatforms) = preSolution
		Debug|x86 = Debug|x86
		Release|x86 = Release|x86
	EndGlobalSection
	GlobalSection(ProjectConfigurationPlatforms) = postSolution
		{9791EE94-B51C-4430-A0D6-BB62DB60BD8D}.Debug|x86.ActiveCfg = Release|x86
		{9791EE94-B51C-4430-A0D6-BB62DB60BD8D}.Debug|x86.Build.0 = Release|x86
		{9791EE94-B51C-4430-A0D6-BB62DB60BD8D}.Release|x86.ActiveCfg = Release|x86
		{9791EE94-B51C-4430-A0D6-BB62DB60BD8D}.Release|x86.Build.0 = Release|x86
	EndGlobalSection
	GlobalSection(SolutionProperties) = preSolution
		HideSolutionNode = FALSE
	EndGlobalSection
EndGlobal
